
Microsoft Visual Studio Solution File, Format Version 12.00
# Visual Studio Version 17
VisualStudioVersion = 17.14.37216.2
MinimumVisualStudioVersion = 10.0.40219.1
Project("{FAE04EC0-301F-11D3-BF4B-00C04F79EFBC}") = "OnlineJobRecruitmentSystem.Domain", "OnlineJobRecruitmentSystem.Domain\OnlineJobRecruitmentSystem.Domain.csproj", "{0BD850B8-2CDA-4FF2-A3E2-83BE33815A84}"
EndProject
Project("{FAE04EC0-301F-11D3-BF4B-00C04F79EFBC}") = "OnlineJobRecruitmentSystem.Application", "OnlineJobRecruitmentSystem.Application\OnlineJobRecruitmentSystem.Application.csproj", "{3D92982E-48F3-4FEC-90AE-5A31B06065E4}"
EndProject
Project("{FAE04EC0-301F-11D3-BF4B-00C04F79EFBC}") = "OnlineJobRecruitmentSystem.Infrastructure", "OnlineJobRecruitmentSystem.Infrastructure\OnlineJobRecruitmentSystem.Infrastructure.csproj", "{13DE796A-3451-431A-B89A-99979694AE1B}"
EndProject
Project("{FAE04EC0-301F-11D3-BF4B-00C04F79EFBC}") = "OnlineJobRecruitmentSystem.API", "OnlineJobRecruitmentSystem.API\OnlineJobRecruitmentSystem.API.csproj", "{A1C8584D-E6EC-406B-B8E9-A820AE576A47}"
EndProject
Global
	GlobalSection(SolutionConfigurationPlatforms) = preSolution
		Debug|Any CPU = Debug|Any CPU
		Release|Any CPU = Release|Any CPU
	EndGlobalSection
	GlobalSection(ProjectConfigurationPlatforms) = postSolution
		{0BD850B8-2CDA-4FF2-A3E2-83BE33815A84}.Debug|Any CPU.ActiveCfg = Debug|Any CPU
		{0BD850B8-2CDA-4FF2-A3E2-83BE33815A84}.Debug|Any CPU.Build.0 = Debug|Any CPU
		{0BD850B8-2CDA-4FF2-A3E2-83BE33815A84}.Release|Any CPU.ActiveCfg = Release|Any CPU
		{0BD850B8-2CDA-4FF2-A3E2-83BE33815A84}.Release|Any CPU.Build.0 = Release|Any CPU
		{3D92982E-48F3-4FEC-90AE-5A31B06065E4}.Debug|Any CPU.ActiveCfg = Debug|Any CPU
		{3D92982E-48F3-4FEC-90AE-5A31B06065E4}.Debug|Any CPU.Build.0 = Debug|Any CPU
		{3D92982E-48F3-4FEC-90AE-5A31B06065E4}.Release|Any CPU.ActiveCfg = Release|Any CPU
		{3D92982E-48F3-4FEC-90AE-5A31B06065E4}.Release|Any CPU.Build.0 = Release|Any CPU
		{13DE796A-3451-431A-B89A-99979694AE1B}.Debug|Any CPU.ActiveCfg = Debug|Any CPU
		{13DE796A-3451-431A-B89A-99979694AE1B}.Debug|Any CPU.Build.0 = Debug|Any CPU
		{13DE796A-3451-431A-B89A-99979694AE1B}.Release|Any CPU.ActiveCfg = Release|Any CPU
		{13DE796A-3451-431A-B89A-99979694AE1B}.Release|Any CPU.Build.0 = Release|Any CPU
		{A1C8584D-E6EC-406B-B8E9-A820AE576A47}.Debug|Any CPU.ActiveCfg = Debug|Any CPU
		{A1C8584D-E6EC-406B-B8E9-A820AE576A47}.Debug|Any CPU.Build.0 = Debug|Any CPU
		{A1C8584D-E6EC-406B-B8E9-A820AE576A47}.Release|Any CPU.ActiveCfg = Release|Any CPU
		{A1C8584D-E6EC-406B-B8E9-A820AE576A47}.Release|Any CPU.Build.0 = Release|Any CPU
	EndGlobalSection
	GlobalSection(SolutionProperties) = preSolution
		HideSolutionNode = FALSE
	EndGlobalSection
	GlobalSection(ExtensibilityGlobals) = postSolution
		SolutionGuid = {03AFFEE5-F10F-4FC5-9CE4-F9493FA8BAB6}
	EndGlobalSection
EndGlobal
